
Microsoft Visual Studio Solution File, Format Version 12.00
Project("{2150E333-8FDC-42A3-9474-1A3956D46DE8}") = "Core", "Core", "{008FF8B0-4078-45FA-99BC-7DC0A21F445B}"
EndProject
Project("{2150E333-8FDC-42A3-9474-1A3956D46DE8}") = "Presentation", "Presentation", "{C3A67158-B632-47B5-BC0C-B1268543950F}"
EndProject
Project("{2150E333-8FDC-42A3-9474-1A3956D46DE8}") = "Infrastructure", "Infrastructure", "{AE9A0FC8-F1C7-4A73-9F2F-644B81AD7192}"
EndProject
Project("{FAE04EC0-301F-11D3-BF4B-00C04F79EFBC}") = "WebApi", "WebApi\WebApi.csproj", "{11632095-22C2-47D5-BA1A-59B6B35CC23E}"
EndProject
Project("{FAE04EC0-301F-11D3-BF4B-00C04F79EFBC}") = "Persistence", "Persistence\Persistence.csproj", "{84FC3A40-9ACB-453F-BF0A-EF3A616D6FCA}"
EndProject
Project("{FAE04EC0-301F-11D3-BF4B-00C04F79EFBC}") = "Domain", "Domain\Domain.csproj", "{9851E1AA-A687-4F49-99BB-7E6521FF3802}"
EndProject
Project("{FAE04EC0-301F-11D3-BF4B-00C04F79EFBC}") = "Application", "Application\Application.csproj", "{08A57FCD-CB7A-4C04-94D4-7652734436CC}"
EndProject
Project("{2150E333-8FDC-42A3-9474-1A3956D46DE8}") = "Test", "Test", "{5CDBB384-C2B3-48E3-BE18-CF820146178B}"
EndProject
Project("{FAE04EC0-301F-11D3-BF4B-00C04F79EFBC}") = "TestApi", "TestApi\TestApi.csproj", "{651A0C00-DC16-47BB-968B-8C70111B33AD}"
EndProject
Global
	GlobalSection(SolutionConfigurationPlatforms) = preSolution
		Debug|Any CPU = Debug|Any CPU
		Release|Any CPU = Release|Any CPU
	EndGlobalSection
	GlobalSection(NestedProjects) = preSolution
		{11632095-22C2-47D5-BA1A-59B6B35CC23E} = {C3A67158-B632-47B5-BC0C-B1268543950F}
		{84FC3A40-9ACB-453F-BF0A-EF3A616D6FCA} = {AE9A0FC8-F1C7-4A73-9F2F-644B81AD7192}
		{9851E1AA-A687-4F49-99BB-7E6521FF3802} = {008FF8B0-4078-45FA-99BC-7DC0A21F445B}
		{08A57FCD-CB7A-4C04-94D4-7652734436CC} = {008FF8B0-4078-45FA-99BC-7DC0A21F445B}
		{651A0C00-DC16-47BB-968B-8C70111B33AD} = {5CDBB384-C2B3-48E3-BE18-CF820146178B}
	EndGlobalSection
	GlobalSection(ProjectConfigurationPlatforms) = postSolution
		{11632095-22C2-47D5-BA1A-59B6B35CC23E}.Debug|Any CPU.ActiveCfg = Debug|Any CPU
		{11632095-22C2-47D5-BA1A-59B6B35CC23E}.Debug|Any CPU.Build.0 = Debug|Any CPU
		{11632095-22C2-47D5-BA1A-59B6B35CC23E}.Release|Any CPU.ActiveCfg = Release|Any CPU
		{11632095-22C2-47D5-BA1A-59B6B35CC23E}.Release|Any CPU.Build.0 = Release|Any CPU
		{84FC3A40-9ACB-453F-BF0A-EF3A616D6FCA}.Debug|Any CPU.ActiveCfg = Debug|Any CPU
		{84FC3A40-9ACB-453F-BF0A-EF3A616D6FCA}.Debug|Any CPU.Build.0 = Debug|Any CPU
		{84FC3A40-9ACB-453F-BF0A-EF3A616D6FCA}.Release|Any CPU.ActiveCfg = Release|Any CPU
		{84FC3A40-9ACB-453F-BF0A-EF3A616D6FCA}.Release|Any CPU.Build.0 = Release|Any CPU
		{9851E1AA-A687-4F49-99BB-7E6521FF3802}.Debug|Any CPU.ActiveCfg = Debug|Any CPU
		{9851E1AA-A687-4F49-99BB-7E6521FF3802}.Debug|Any CPU.Build.0 = Debug|Any CPU
		{9851E1AA-A687-4F49-99BB-7E6521FF3802}.Release|Any CPU.ActiveCfg = Release|Any CPU
		{9851E1AA-A687-4F49-99BB-7E6521FF3802}.Release|Any CPU.Build.0 = Release|Any CPU
		{08A57FCD-CB7A-4C04-94D4-7652734436CC}.Debug|Any CPU.ActiveCfg = Debug|Any CPU
		{08A57FCD-CB7A-4C04-94D4-7652734436CC}.Debug|Any CPU.Build.0 = Debug|Any CPU
		{08A57FCD-CB7A-4C04-94D4-7652734436CC}.Release|Any CPU.ActiveCfg = Release|Any CPU
		{08A57FCD-CB7A-4C04-94D4-7652734436CC}.Release|Any CPU.Build.0 = Release|Any CPU
		{651A0C00-DC16-47BB-968B-8C70111B33AD}.Debug|Any CPU.ActiveCfg = Debug|Any CPU
		{651A0C00-DC16-47BB-968B-8C70111B33AD}.Debug|Any CPU.Build.0 = Debug|Any CPU
		{651A0C00-DC16-47BB-968B-8C70111B33AD}.Release|Any CPU.ActiveCfg = Release|Any CPU
		{651A0C00-DC16-47BB-968B-8C70111B33AD}.Release|Any CPU.Build.0 = Release|Any CPU
	EndGlobalSection
EndGlobal
